
Microsoft Visual Studio Solution File, Format Version 12.00
# Visual Studio Version 17
VisualStudioVersion = 17.3.32929.385
MinimumVisualStudioVersion = 10.0.40219.1
Project("{FAE04EC0-301F-11D3-BF4B-00C04F79EFBC}") = "OnlineBalance", "OnlineBalance.csproj", "{04D6628B-09B4-453A-9857-D0DA26E60B7E}"
EndProject
Global
	GlobalSection(SolutionConfigurationPlatforms) = preSolution
		Debug|Any CPU = Debug|Any CPU
		Release|Any CPU = Release|Any CPU
	EndGlobalSection
	GlobalSection(ProjectConfigurationPlatforms) = postSolution
		{04D6628B-09B4-453A-9857-D0DA26E60B7E}.Debug|Any CPU.ActiveCfg = Debug|Any CPU
		{04D6628B-09B4-453A-9857-D0DA26E60B7E}.Debug|Any CPU.Build.0 = Debug|Any CPU
		{04D6628B-09B4-453A-9857-D0DA26E60B7E}.Release|Any CPU.ActiveCfg = Release|Any CPU
		{04D6628B-09B4-453A-9857-D0DA26E60B7E}.Release|Any CPU.Build.0 = Release|Any CPU
	EndGlobalSection
	GlobalSection(SolutionProperties) = preSolution
		HideSolutionNode = FALSE
	EndGlobalSection
	GlobalSection(ExtensibilityGlobals) = postSolution
		SolutionGuid = {DB601B6F-BC0F-4211-AB43-3DA26C9E24ED}
	EndGlobalSection
EndGlobal
